{"1.1.0",
[{<<"goldrush">>,{pkg,<<"goldrush">>,<<"0.1.9">>},1},
 {<<"jiffy">>,{pkg,<<"jiffy">>,<<"1.0.5">>},0},
 {<<"lager">>,{pkg,<<"lager">>,<<"3.8.0">>},0}]}.
[
{pkg_hash,[
 {<<"goldrush">>, <<"F06E5D5F1277DA5C413E84D5A2924174182FB108DABB39D5EC548B27424CD106">>},
 {<<"jiffy">>, <<"A69B58FAF7123534C20E1B0B7AE97AC52079CA02ED4B6989B4B380179CD63A54">>},
 {<<"lager">>, <<"3402B9A7E473680CA179FC2F1D827CAB88DD37DD1E6113090C6F45EF05228A1C">>}]}
].
